
Microsoft Visual Studio Solution File, Format Version 12.00
# Visual Studio 15
VisualStudioVersion = 15.0.28307.1800
MinimumVisualStudioVersion = 10.0.40219.1
Project("{8BC9CEB8-8B4A-11D0-8D11-00A0C91BC942}") = "NhServer", "NhServer\NhServer.vcxproj", "{CF120DFE-A2A5-4590-AFC0-84AC1BD2F209}"
EndProject
Project("{8BC9CEB8-8B4A-11D0-8D11-00A0C91BC942}") = "Server", "Server\Server.vcxproj", "{7135D058-3342-4D2F-837E-3F0308DFC113}"
EndProject
Project("{8BC9CEB8-8B4A-11D0-8D11-00A0C91BC942}") = "Client", "Client\Client.vcxproj", "{0223032D-9291-4F14-A703-99C99D30F2EB}"
EndProject
Global
	GlobalSection(SolutionConfigurationPlatforms) = preSolution
		Debug|x64 = Debug|x64
		Debug|x86 = Debug|x86
		Release|x64 = Release|x64
		Release|x86 = Release|x86
	EndGlobalSection
	GlobalSection(ProjectConfigurationPlatforms) = postSolution
		{CF120DFE-A2A5-4590-AFC0-84AC1BD2F209}.Debug|x64.ActiveCfg = Debug|x64
		{CF120DFE-A2A5-4590-AFC0-84AC1BD2F209}.Debug|x64.Build.0 = Debug|x64
		{CF120DFE-A2A5-4590-AFC0-84AC1BD2F209}.Debug|x86.ActiveCfg = Debug|Win32
		{CF120DFE-A2A5-4590-AFC0-84AC1BD2F209}.Debug|x86.Build.0 = Debug|Win32
		{CF120DFE-A2A5-4590-AFC0-84AC1BD2F209}.Release|x64.ActiveCfg = Release|x64
		{CF120DFE-A2A5-4590-AFC0-84AC1BD2F209}.Release|x64.Build.0 = Release|x64
		{CF120DFE-A2A5-4590-AFC0-84AC1BD2F209}.Release|x86.ActiveCfg = Release|Win32
		{CF120DFE-A2A5-4590-AFC0-84AC1BD2F209}.Release|x86.Build.0 = Release|Win32
		{7135D058-3342-4D2F-837E-3F0308DFC113}.Debug|x64.ActiveCfg = Debug|x64
		{7135D058-3342-4D2F-837E-3F0308DFC113}.Debug|x64.Build.0 = Debug|x64
		{7135D058-3342-4D2F-837E-3F0308DFC113}.Debug|x86.ActiveCfg = Debug|Win32
		{7135D058-3342-4D2F-837E-3F0308DFC113}.Debug|x86.Build.0 = Debug|Win32
		{7135D058-3342-4D2F-837E-3F0308DFC113}.Release|x64.ActiveCfg = Release|x64
		{7135D058-3342-4D2F-837E-3F0308DFC113}.Release|x64.Build.0 = Release|x64
		{7135D058-3342-4D2F-837E-3F0308DFC113}.Release|x86.ActiveCfg = Release|Win32
		{7135D058-3342-4D2F-837E-3F0308DFC113}.Release|x86.Build.0 = Release|Win32
		{0223032D-9291-4F14-A703-99C99D30F2EB}.Debug|x64.ActiveCfg = Debug|x64
		{0223032D-9291-4F14-A703-99C99D30F2EB}.Debug|x64.Build.0 = Debug|x64
		{0223032D-9291-4F14-A703-99C99D30F2EB}.Debug|x86.ActiveCfg = Debug|Win32
		{0223032D-9291-4F14-A703-99C99D30F2EB}.Debug|x86.Build.0 = Debug|Win32
		{0223032D-9291-4F14-A703-99C99D30F2EB}.Release|x64.ActiveCfg = Release|x64
		{0223032D-9291-4F14-A703-99C99D30F2EB}.Release|x64.Build.0 = Release|x64
		{0223032D-9291-4F14-A703-99C99D30F2EB}.Release|x86.ActiveCfg = Release|Win32
		{0223032D-9291-4F14-A703-99C99D30F2EB}.Release|x86.Build.0 = Release|Win32
	EndGlobalSection
	GlobalSection(SolutionProperties) = preSolution
		HideSolutionNode = FALSE
	EndGlobalSection
	GlobalSection(ExtensibilityGlobals) = postSolution
		SolutionGuid = {5FA50B7A-9291-4CF4-80E8-A7BFAA88DD68}
	EndGlobalSection
EndGlobal
